
Microsoft Visual Studio Solution File, Format Version 12.00
# Visual Studio Version 16
VisualStudioVersion = 16.0.30517.126
MinimumVisualStudioVersion = 10.0.40219.1
Project("{FAE04EC0-301F-11D3-BF4B-00C04F79EFBC}") = "Lab11", "Lab11.csproj", "{ED699A20-0AC7-4C14-9F79-B0983FA38571}"
EndProject
Global
	GlobalSection(SolutionConfigurationPlatforms) = preSolution
		Debug|Any CPU = Debug|Any CPU
		Release|Any CPU = Release|Any CPU
	EndGlobalSection
	GlobalSection(ProjectConfigurationPlatforms) = postSolution
		{ED699A20-0AC7-4C14-9F79-B0983FA38571}.Debug|Any CPU.ActiveCfg = Debug|Any CPU
		{ED699A20-0AC7-4C14-9F79-B0983FA38571}.Debug|Any CPU.Build.0 = Debug|Any CPU
		{ED699A20-0AC7-4C14-9F79-B0983FA38571}.Release|Any CPU.ActiveCfg = Release|Any CPU
		{ED699A20-0AC7-4C14-9F79-B0983FA38571}.Release|Any CPU.Build.0 = Release|Any CPU
	EndGlobalSection
	GlobalSection(SolutionProperties) = preSolution
		HideSolutionNode = FALSE
	EndGlobalSection
	GlobalSection(ExtensibilityGlobals) = postSolution
		SolutionGuid = {46140735-ACAA-4AA3-B4B6-4615EDE3C5D4}
	EndGlobalSection
EndGlobal
