
Microsoft Visual Studio Solution File, Format Version 12.00
# Visual Studio Version 16
VisualStudioVersion = 16.0.30517.126
MinimumVisualStudioVersion = 10.0.40219.1
Project("{FAE04EC0-301F-11D3-BF4B-00C04F79EFBC}") = "Lab1", "Lab1.csproj", "{1B9CA558-07AF-4F4B-9991-DF2EF8C5BF11}"
EndProject
Global
	GlobalSection(SolutionConfigurationPlatforms) = preSolution
		Debug|Any CPU = Debug|Any CPU
		Release|Any CPU = Release|Any CPU
	EndGlobalSection
	GlobalSection(ProjectConfigurationPlatforms) = postSolution
		{1B9CA558-07AF-4F4B-9991-DF2EF8C5BF11}.Debug|Any CPU.ActiveCfg = Debug|Any CPU
		{1B9CA558-07AF-4F4B-9991-DF2EF8C5BF11}.Debug|Any CPU.Build.0 = Debug|Any CPU
		{1B9CA558-07AF-4F4B-9991-DF2EF8C5BF11}.Release|Any CPU.ActiveCfg = Release|Any CPU
		{1B9CA558-07AF-4F4B-9991-DF2EF8C5BF11}.Release|Any CPU.Build.0 = Release|Any CPU
	EndGlobalSection
	GlobalSection(SolutionProperties) = preSolution
		HideSolutionNode = FALSE
	EndGlobalSection
	GlobalSection(ExtensibilityGlobals) = postSolution
		SolutionGuid = {50B94D8A-933D-4EAA-B29D-C9CF968D89D5}
	EndGlobalSection
EndGlobal
