
Microsoft Visual Studio Solution File, Format Version 12.00
# Visual Studio Version 16
VisualStudioVersion = 16.0.30517.126
MinimumVisualStudioVersion = 10.0.40219.1
Project("{FAE04EC0-301F-11D3-BF4B-00C04F79EFBC}") = "Lab2", "Lab2.csproj", "{F71CD909-38C2-4FC0-BFFA-779CE938529C}"
EndProject
Global
	GlobalSection(SolutionConfigurationPlatforms) = preSolution
		Debug|Any CPU = Debug|Any CPU
		Release|Any CPU = Release|Any CPU
	EndGlobalSection
	GlobalSection(ProjectConfigurationPlatforms) = postSolution
		{F71CD909-38C2-4FC0-BFFA-779CE938529C}.Debug|Any CPU.ActiveCfg = Debug|Any CPU
		{F71CD909-38C2-4FC0-BFFA-779CE938529C}.Debug|Any CPU.Build.0 = Debug|Any CPU
		{F71CD909-38C2-4FC0-BFFA-779CE938529C}.Release|Any CPU.ActiveCfg = Release|Any CPU
		{F71CD909-38C2-4FC0-BFFA-779CE938529C}.Release|Any CPU.Build.0 = Release|Any CPU
	EndGlobalSection
	GlobalSection(SolutionProperties) = preSolution
		HideSolutionNode = FALSE
	EndGlobalSection
	GlobalSection(ExtensibilityGlobals) = postSolution
		SolutionGuid = {98583340-CEF3-455B-ABED-2D14C87C3882}
	EndGlobalSection
EndGlobal
